
Microsoft Visual Studio Solution File, Format Version 12.00
# Visual Studio Version 16
VisualStudioVersion = 16.0.30711.63
MinimumVisualStudioVersion = 10.0.40219.1
Project("{FAE04EC0-301F-11D3-BF4B-00C04F79EFBC}") = "WebApplication1", "WebApplication1\WebApplication1.csproj", "{58012AE2-B505-400D-8AF1-2A54E2768206}"
EndProject
Global
	GlobalSection(SolutionConfigurationPlatforms) = preSolution
		Debug|Any CPU = Debug|Any CPU
		Release|Any CPU = Release|Any CPU
	EndGlobalSection
	GlobalSection(ProjectConfigurationPlatforms) = postSolution
		{58012AE2-B505-400D-8AF1-2A54E2768206}.Debug|Any CPU.ActiveCfg = Debug|Any CPU
		{58012AE2-B505-400D-8AF1-2A54E2768206}.Debug|Any CPU.Build.0 = Debug|Any CPU
		{58012AE2-B505-400D-8AF1-2A54E2768206}.Release|Any CPU.ActiveCfg = Release|Any CPU
		{58012AE2-B505-400D-8AF1-2A54E2768206}.Release|Any CPU.Build.0 = Release|Any CPU
	EndGlobalSection
	GlobalSection(SolutionProperties) = preSolution
		HideSolutionNode = FALSE
	EndGlobalSection
	GlobalSection(ExtensibilityGlobals) = postSolution
		SolutionGuid = {BFE08422-0576-4AF1-B4B4-B617EA4D7E4F}
	EndGlobalSection
EndGlobal
